{
  "name": "sifa-academicpages",
  "version": "0.1.0",
  "lockfileVersion": 3,
  "requires": true,
  "packages": {
    "": {
      "name": "sifa-academicpages",
      "version": "0.1.0",
      "dependencies": {
        "@singi-labs/sifa-sdk": "^0.12.0",
        "marked": "16.4.0"
      }
    },
    "node_modules/@singi-labs/sifa-sdk": {
      "version": "0.12.0",
      "resolved": "https://registry.npmjs.org/@singi-labs/sifa-sdk/-/sifa-sdk-0.12.0.tgz",
      "integrity": "sha512-lwc84J/bq/nkeLi4lEtvMAjhYK2rImsoYO185YJXdXmvjyV6VpfKohSAOaKfo7fx3wcibhooPpWdPppRqiTrsA==",
      "license": "MIT",
      "dependencies": {
        "zod": "4.4.3"
      },
      "engines": {
        "node": ">=22"
      },
      "peerDependencies": {
        "@tanstack/react-query": "^5.100.0",
        "react": ">=19"
      },
      "peerDependenciesMeta": {
        "@tanstack/react-query": {
          "optional": true
        },
        "react": {
          "optional": true
        }
      }
    },
    "node_modules/marked": {
      "version": "16.4.0",
      "resolved": "https://registry.npmjs.org/marked/-/marked-16.4.0.tgz",
      "integrity": "sha512-CTPAcRBq57cn3R8n3hwc2REddc28hjR7RzDXQ+lXLmMJYqn20BaI2cGw6QjgZGIgVfp2Wdfw4aMzgNteQ6qJgQ==",
      "license": "MIT",
      "bin": {
        "marked": "bin/marked.js"
      },
      "engines": {
        "node": ">= 20"
      }
    },
    "node_modules/zod": {
      "version": "4.4.3",
      "resolved": "https://registry.npmjs.org/zod/-/zod-4.4.3.tgz",
      "integrity": "sha512-ytENFjIJFl2UwYglde2jchW2Hwm4GJFLDiSXWdTrJQBIN9Fcyp7n4DhxJEiWNAJMV1/BqWfW/kkg71UDcHJyTQ==",
      "license": "MIT",
      "funding": {
        "url": "https://github.com/sponsors/colinhacks"
      }
    }
  }
}
