{
  "name": "sifa-academicpages",
  "version": "0.1.0",
  "lockfileVersion": 3,
  "requires": true,
  "packages": {
    "": {
      "name": "sifa-academicpages",
      "version": "0.1.0",
      "dependencies": {
        "marked": "16.4.0"
      }
    },
    "node_modules/marked": {
      "version": "16.4.0",
      "resolved": "https://registry.npmjs.org/marked/-/marked-16.4.0.tgz",
      "integrity": "sha512-CTPAcRBq57cn3R8n3hwc2REddc28hjR7RzDXQ+lXLmMJYqn20BaI2cGw6QjgZGIgVfp2Wdfw4aMzgNteQ6qJgQ==",
      "license": "MIT",
      "bin": {
        "marked": "bin/marked.js"
      },
      "engines": {
        "node": ">= 20"
      }
    }
  }
}
